
Microsoft Visual Studio Solution File, Format Version 12.00
# Visual Studio Version 17
VisualStudioVersion = 17.4.33213.308
MinimumVisualStudioVersion = 10.0.40219.1
Project("{9A19103F-16F7-4668-BE54-9A1E7A4F7556}") = "framework.testing", "testing.factory\framework.testing.csproj", "{D4A0A6E6-6F38-4175-B003-C0CE7667C422}"
EndProject
Project("{00D1A9C2-B5F0-4AF3-8072-F6C62B433612}") = "metadata.control", "metadata.control\metadata.control.sqlproj", "{202EBF84-A56B-4999-92A3-10F7FFE4EF25}"
EndProject
Project("{00D1A9C2-B5F0-4AF3-8072-F6C62B433612}") = "metadata.testing", "testing.metadata\metadata.testing.sqlproj", "{32D54B90-932D-44A3-911D-007C4B90BC55}"
EndProject
Project("{00D1A9C2-B5F0-4AF3-8072-F6C62B433612}") = "metadata.ingest", "metadata.ingest\metadata.ingest.sqlproj", "{882D4321-8587-45D2-8DB3-A88EFB3FCB7A}"
EndProject
Project("{00D1A9C2-B5F0-4AF3-8072-F6C62B433612}") = "metadata.transform", "metadata.transform\metadata.transform.sqlproj", "{7248F9C8-F270-48FF-9BBE-7BD82C3D7280}"
EndProject
Project("{9A19103F-16F7-4668-BE54-9A1E7A4F7556}") = "azure.functionapp", "azure.functionapp\azure.functionapp.csproj", "{9F82FD86-629E-405F-A344-52AE8466A260}"
EndProject
Project("{2150E333-8FDC-42A3-9474-1A3956D46DE8}") = "markdown", "markdown", "{CD43EA3E-D2F2-4C2E-9460-F175EF9243BA}"
	ProjectSection(SolutionItems) = preProject
		..\README.md = ..\README.md
	EndProjectSection
EndProject
Project("{2150E333-8FDC-42A3-9474-1A3956D46DE8}") = "azure.datafactory", "azure.datafactory", "{07BC36F2-627C-406B-B222-9D9F22454D4E}"
	ProjectSection(SolutionItems) = preProject
		azure.datafactory\publish_config.json = azure.datafactory\publish_config.json
	EndProjectSection
EndProject
Project("{2150E333-8FDC-42A3-9474-1A3956D46DE8}") = "dataset", "dataset", "{7047C075-A03D-4F74-824B-3A541E686765}"
	ProjectSection(SolutionItems) = preProject
		azure.datafactory\dataset\GetSetMetadata.json = azure.datafactory\dataset\GetSetMetadata.json
	EndProjectSection
EndProject
Project("{2150E333-8FDC-42A3-9474-1A3956D46DE8}") = "factory", "factory", "{21EB09F3-646D-4DBA-A33D-5D83D83C178D}"
	ProjectSection(SolutionItems) = preProject
		azure.datafactory\factory\cumulusfactorydev.json = azure.datafactory\factory\cumulusfactorydev.json
	EndProjectSection
EndProject
Project("{2150E333-8FDC-42A3-9474-1A3956D46DE8}") = "integrationRuntime", "integrationRuntime", "{9B9A853D-D62E-4252-8FE7-7F1DD3FC6FF7}"
	ProjectSection(SolutionItems) = preProject
		azure.datafactory\integrationRuntime\AzureIR-UKSouth.json = azure.datafactory\integrationRuntime\AzureIR-UKSouth.json
	EndProjectSection
EndProject
Project("{2150E333-8FDC-42A3-9474-1A3956D46DE8}") = "linkedService", "linkedService", "{6859A9D9-8F80-47A8-B688-FECA79DF0923}"
	ProjectSection(SolutionItems) = preProject
		azure.datafactory\linkedService\cumulusdatabase.json = azure.datafactory\linkedService\cumulusdatabase.json
		azure.datafactory\linkedService\cumuluskeys.json = azure.datafactory\linkedService\cumuluskeys.json
		azure.datafactory\linkedService\cumulusfunctions.json = azure.datafactory\linkedService\cumulusfunctions.json
	EndProjectSection
EndProject
Project("{2150E333-8FDC-42A3-9474-1A3956D46DE8}") = "pipelines", "pipelines", "{D3E5B580-301B-4B04-BDA3-7A17FB0B494C}"
EndProject
Project("{2150E333-8FDC-42A3-9474-1A3956D46DE8}") = "trigger", "trigger", "{B59F2304-062E-47C1-8D06-A23A8A384897}"
	ProjectSection(SolutionItems) = preProject
		azure.datafactory\trigger\FunctionalTestingTrigger.json = azure.datafactory\trigger\FunctionalTestingTrigger.json
	EndProjectSection
EndProject
Project("{2150E333-8FDC-42A3-9474-1A3956D46DE8}") = "Cumulus.Control", "Cumulus.Control", "{2E511592-037A-4117-8039-1ECA7F662A0E}"
	ProjectSection(SolutionItems) = preProject
		azure.datafactory\pipeline\01-SolutionExecutor.json = azure.datafactory\pipeline\01-SolutionExecutor.json
		azure.datafactory\pipeline\02-BatchExecutor.json = azure.datafactory\pipeline\02-BatchExecutor.json
		azure.datafactory\pipeline\03-StageExecutor.json = azure.datafactory\pipeline\03-StageExecutor.json
		azure.datafactory\pipeline\04-PipelineExecutor.json = azure.datafactory\pipeline\04-PipelineExecutor.json
	EndProjectSection
EndProject
Project("{2150E333-8FDC-42A3-9474-1A3956D46DE8}") = "Cumulus.Utils", "Cumulus.Utils", "{85858FFB-41A3-46ED-B6A6-EAD44EBE1486}"
	ProjectSection(SolutionItems) = preProject
		azure.datafactory\pipeline\Check For Running Pipeline.json = azure.datafactory\pipeline\Check For Running Pipeline.json
		azure.datafactory\pipeline\Email Sender.json = azure.datafactory\pipeline\Email Sender.json
		azure.datafactory\pipeline\Throw Exception.json = azure.datafactory\pipeline\Throw Exception.json
	EndProjectSection
EndProject
Project("{00D1A9C2-B5F0-4AF3-8072-F6C62B433612}") = "metadata.helpers", "metadata.helpers\metadata.helpers.sqlproj", "{80410129-BB8B-4387-AF73-297F98D7B583}"
EndProject
Project("{00D1A9C2-B5F0-4AF3-8072-F6C62B433612}") = "framework.reporting", "framework.reporting\framework.reporting.sqlproj", "{3BAA9710-A73D-4B19-85A7-5D55A3E089B9}"
EndProject
Global
	GlobalSection(SolutionConfigurationPlatforms) = preSolution
		Debug|Any CPU = Debug|Any CPU
		Release|Any CPU = Release|Any CPU
	EndGlobalSection
	GlobalSection(ProjectConfigurationPlatforms) = postSolution
		{D4A0A6E6-6F38-4175-B003-C0CE7667C422}.Debug|Any CPU.ActiveCfg = Debug|Any CPU
		{D4A0A6E6-6F38-4175-B003-C0CE7667C422}.Debug|Any CPU.Build.0 = Debug|Any CPU
		{D4A0A6E6-6F38-4175-B003-C0CE7667C422}.Release|Any CPU.ActiveCfg = Release|Any CPU
		{D4A0A6E6-6F38-4175-B003-C0CE7667C422}.Release|Any CPU.Build.0 = Release|Any CPU
		{202EBF84-A56B-4999-92A3-10F7FFE4EF25}.Debug|Any CPU.ActiveCfg = Debug|Any CPU
		{202EBF84-A56B-4999-92A3-10F7FFE4EF25}.Debug|Any CPU.Build.0 = Debug|Any CPU
		{202EBF84-A56B-4999-92A3-10F7FFE4EF25}.Debug|Any CPU.Deploy.0 = Debug|Any CPU
		{202EBF84-A56B-4999-92A3-10F7FFE4EF25}.Release|Any CPU.ActiveCfg = Release|Any CPU
		{202EBF84-A56B-4999-92A3-10F7FFE4EF25}.Release|Any CPU.Build.0 = Release|Any CPU
		{202EBF84-A56B-4999-92A3-10F7FFE4EF25}.Release|Any CPU.Deploy.0 = Release|Any CPU
		{32D54B90-932D-44A3-911D-007C4B90BC55}.Debug|Any CPU.ActiveCfg = Debug|Any CPU
		{32D54B90-932D-44A3-911D-007C4B90BC55}.Debug|Any CPU.Build.0 = Debug|Any CPU
		{32D54B90-932D-44A3-911D-007C4B90BC55}.Debug|Any CPU.Deploy.0 = Debug|Any CPU
		{32D54B90-932D-44A3-911D-007C4B90BC55}.Release|Any CPU.ActiveCfg = Release|Any CPU
		{32D54B90-932D-44A3-911D-007C4B90BC55}.Release|Any CPU.Build.0 = Release|Any CPU
		{32D54B90-932D-44A3-911D-007C4B90BC55}.Release|Any CPU.Deploy.0 = Release|Any CPU
		{882D4321-8587-45D2-8DB3-A88EFB3FCB7A}.Debug|Any CPU.ActiveCfg = Debug|Any CPU
		{882D4321-8587-45D2-8DB3-A88EFB3FCB7A}.Debug|Any CPU.Build.0 = Debug|Any CPU
		{882D4321-8587-45D2-8DB3-A88EFB3FCB7A}.Debug|Any CPU.Deploy.0 = Debug|Any CPU
		{882D4321-8587-45D2-8DB3-A88EFB3FCB7A}.Release|Any CPU.ActiveCfg = Release|Any CPU
		{882D4321-8587-45D2-8DB3-A88EFB3FCB7A}.Release|Any CPU.Build.0 = Release|Any CPU
		{882D4321-8587-45D2-8DB3-A88EFB3FCB7A}.Release|Any CPU.Deploy.0 = Release|Any CPU
		{7248F9C8-F270-48FF-9BBE-7BD82C3D7280}.Debug|Any CPU.ActiveCfg = Debug|Any CPU
		{7248F9C8-F270-48FF-9BBE-7BD82C3D7280}.Debug|Any CPU.Build.0 = Debug|Any CPU
		{7248F9C8-F270-48FF-9BBE-7BD82C3D7280}.Debug|Any CPU.Deploy.0 = Debug|Any CPU
		{7248F9C8-F270-48FF-9BBE-7BD82C3D7280}.Release|Any CPU.ActiveCfg = Release|Any CPU
		{7248F9C8-F270-48FF-9BBE-7BD82C3D7280}.Release|Any CPU.Build.0 = Release|Any CPU
		{7248F9C8-F270-48FF-9BBE-7BD82C3D7280}.Release|Any CPU.Deploy.0 = Release|Any CPU
		{9F82FD86-629E-405F-A344-52AE8466A260}.Debug|Any CPU.ActiveCfg = Debug|Any CPU
		{9F82FD86-629E-405F-A344-52AE8466A260}.Debug|Any CPU.Build.0 = Debug|Any CPU
		{9F82FD86-629E-405F-A344-52AE8466A260}.Release|Any CPU.ActiveCfg = Release|Any CPU
		{9F82FD86-629E-405F-A344-52AE8466A260}.Release|Any CPU.Build.0 = Release|Any CPU
		{80410129-BB8B-4387-AF73-297F98D7B583}.Debug|Any CPU.ActiveCfg = Debug|Any CPU
		{80410129-BB8B-4387-AF73-297F98D7B583}.Debug|Any CPU.Build.0 = Debug|Any CPU
		{80410129-BB8B-4387-AF73-297F98D7B583}.Debug|Any CPU.Deploy.0 = Debug|Any CPU
		{80410129-BB8B-4387-AF73-297F98D7B583}.Release|Any CPU.ActiveCfg = Release|Any CPU
		{80410129-BB8B-4387-AF73-297F98D7B583}.Release|Any CPU.Build.0 = Release|Any CPU
		{80410129-BB8B-4387-AF73-297F98D7B583}.Release|Any CPU.Deploy.0 = Release|Any CPU
		{3BAA9710-A73D-4B19-85A7-5D55A3E089B9}.Debug|Any CPU.ActiveCfg = Debug|Any CPU
		{3BAA9710-A73D-4B19-85A7-5D55A3E089B9}.Debug|Any CPU.Build.0 = Debug|Any CPU
		{3BAA9710-A73D-4B19-85A7-5D55A3E089B9}.Debug|Any CPU.Deploy.0 = Debug|Any CPU
		{3BAA9710-A73D-4B19-85A7-5D55A3E089B9}.Release|Any CPU.ActiveCfg = Release|Any CPU
		{3BAA9710-A73D-4B19-85A7-5D55A3E089B9}.Release|Any CPU.Build.0 = Release|Any CPU
		{3BAA9710-A73D-4B19-85A7-5D55A3E089B9}.Release|Any CPU.Deploy.0 = Release|Any CPU
	EndGlobalSection
	GlobalSection(SolutionProperties) = preSolution
		HideSolutionNode = FALSE
	EndGlobalSection
	GlobalSection(NestedProjects) = preSolution
		{7047C075-A03D-4F74-824B-3A541E686765} = {07BC36F2-627C-406B-B222-9D9F22454D4E}
		{21EB09F3-646D-4DBA-A33D-5D83D83C178D} = {07BC36F2-627C-406B-B222-9D9F22454D4E}
		{9B9A853D-D62E-4252-8FE7-7F1DD3FC6FF7} = {07BC36F2-627C-406B-B222-9D9F22454D4E}
		{6859A9D9-8F80-47A8-B688-FECA79DF0923} = {07BC36F2-627C-406B-B222-9D9F22454D4E}
		{D3E5B580-301B-4B04-BDA3-7A17FB0B494C} = {07BC36F2-627C-406B-B222-9D9F22454D4E}
		{B59F2304-062E-47C1-8D06-A23A8A384897} = {07BC36F2-627C-406B-B222-9D9F22454D4E}
		{2E511592-037A-4117-8039-1ECA7F662A0E} = {D3E5B580-301B-4B04-BDA3-7A17FB0B494C}
		{85858FFB-41A3-46ED-B6A6-EAD44EBE1486} = {D3E5B580-301B-4B04-BDA3-7A17FB0B494C}
	EndGlobalSection
	GlobalSection(ExtensibilityGlobals) = postSolution
		SolutionGuid = {DE134F06-80BF-4EA6-97EE-083FA3BDAA86}
	EndGlobalSection
EndGlobal
